// !$*UTF8*$!
{
	archiveVersion = 1;
	classes = {
	};
	objectVersion = 56;
	objects = {

/* Begin PBXBuildFile section */
		D691B28B2D739A7200ADEA26 /* ArticleListEndpoint.swift in Sources */ = {isa = PBXBuildFile; fileRef = D691B28A2D739A7200ADEA26 /* ArticleListEndpoint.swift */; };
		D6B00FA32D71AFC800A18B24 /* NYArticlesApp.swift in Sources */ = {isa = PBXBuildFile; fileRef = D6B00FA22D71AFC800A18B24 /* NYArticlesApp.swift */; };
		D6B00FA52D71AFC800A18B24 /* ContentView.swift in Sources */ = {isa = PBXBuildFile; fileRef = D6B00FA42D71AFC800A18B24 /* ContentView.swift */; };
		D6B00FA72D71AFCB00A18B24 /* Assets.xcassets in Resources */ = {isa = PBXBuildFile; fileRef = D6B00FA62D71AFCB00A18B24 /* Assets.xcassets */; };
		D6B00FAA2D71AFCB00A18B24 /* Preview Assets.xcassets in Resources */ = {isa = PBXBuildFile; fileRef = D6B00FA92D71AFCB00A18B24 /* Preview Assets.xcassets */; };
		D6B00FB42D71AFCC00A18B24 /* NYArticlesTests.swift in Sources */ = {isa = PBXBuildFile; fileRef = D6B00FB32D71AFCC00A18B24 /* NYArticlesTests.swift */; };
		D6B00FBE2D71AFCC00A18B24 /* NYArticlesUITests.swift in Sources */ = {isa = PBXBuildFile; fileRef = D6B00FBD2D71AFCC00A18B24 /* NYArticlesUITests.swift */; };
		D6B00FC02D71AFCC00A18B24 /* NYArticlesUITestsLaunchTests.swift in Sources */ = {isa = PBXBuildFile; fileRef = D6B00FBF2D71AFCC00A18B24 /* NYArticlesUITestsLaunchTests.swift */; };
		D6B00FD22D71B53000A18B24 /* AppDelegate.swift in Sources */ = {isa = PBXBuildFile; fileRef = D6B00FD12D71B53000A18B24 /* AppDelegate.swift */; };
		D6B00FD62D71B5CA00A18B24 /* AppConstants.swift in Sources */ = {isa = PBXBuildFile; fileRef = D6B00FD52D71B5CA00A18B24 /* AppConstants.swift */; };
		D6B00FDB2D71D94300A18B24 /* ArticleListView.swift in Sources */ = {isa = PBXBuildFile; fileRef = D6B00FDA2D71D94300A18B24 /* ArticleListView.swift */; };
		D6B00FE12D71D9C200A18B24 /* ArticleListViewModel.swift in Sources */ = {isa = PBXBuildFile; fileRef = D6B00FE02D71D9C200A18B24 /* ArticleListViewModel.swift */; };
		D6B00FE32D71D9ED00A18B24 /* ArticleListResponse.swift in Sources */ = {isa = PBXBuildFile; fileRef = D6B00FE22D71D9ED00A18B24 /* ArticleListResponse.swift */; };
		D6B00FE52D71DA1700A18B24 /* ArticleCellView.swift in Sources */ = {isa = PBXBuildFile; fileRef = D6B00FE42D71DA1700A18B24 /* ArticleCellView.swift */; };
		D6B00FE82D71DA6300A18B24 /* ArticleDetailView.swift in Sources */ = {isa = PBXBuildFile; fileRef = D6B00FE72D71DA6300A18B24 /* ArticleDetailView.swift */; };
		D6B00FEA2D71DA7400A18B24 /* ArticleDetailViewModel.swift in Sources */ = {isa = PBXBuildFile; fileRef = D6B00FE92D71DA7400A18B24 /* ArticleDetailViewModel.swift */; };
		D6B00FEC2D71DAB100A18B24 /* NYEndpoints.swift in Sources */ = {isa = PBXBuildFile; fileRef = D6B00FEB2D71DAB100A18B24 /* NYEndpoints.swift */; };
		D6B00FF12D71DB2C00A18B24 /* EmptyStateView.swift in Sources */ = {isa = PBXBuildFile; fileRef = D6B00FF02D71DB2C00A18B24 /* EmptyStateView.swift */; };
		D6B00FF32D71DB3800A18B24 /* EmptyStateViewModel.swift in Sources */ = {isa = PBXBuildFile; fileRef = D6B00FF22D71DB3800A18B24 /* EmptyStateViewModel.swift */; };
		D6B00FF62D71DBAB00A18B24 /* ErrorStateView.swift in Sources */ = {isa = PBXBuildFile; fileRef = D6B00FF52D71DBAB00A18B24 /* ErrorStateView.swift */; };
		D6B00FF82D71DBBB00A18B24 /* ErrorStateViewModel.swift in Sources */ = {isa = PBXBuildFile; fileRef = D6B00FF72D71DBBB00A18B24 /* ErrorStateViewModel.swift */; };
		D6B010022D71DEC000A18B24 /* CustomNavBar.swift in Sources */ = {isa = PBXBuildFile; fileRef = D6B010012D71DEC000A18B24 /* CustomNavBar.swift */; };
		D6B010042D71DF3F00A18B24 /* View+Extensions.swift in Sources */ = {isa = PBXBuildFile; fileRef = D6B010032D71DF3F00A18B24 /* View+Extensions.swift */; };
		D6B0100B2D72476B00A18B24 /* ConfigurationManager.swift in Sources */ = {isa = PBXBuildFile; fileRef = D6B0100A2D72476B00A18B24 /* ConfigurationManager.swift */; };
		D6B010122D72618B00A18B24 /* HTTPMethod.swift in Sources */ = {isa = PBXBuildFile; fileRef = D6B010112D72618B00A18B24 /* HTTPMethod.swift */; };
		D6B010182D72638500A18B24 /* NYRequestParameters.swift in Sources */ = {isa = PBXBuildFile; fileRef = D6B010172D72638500A18B24 /* NYRequestParameters.swift */; };
		D6B0101A2D7263AB00A18B24 /* NYNetworkManager.swift in Sources */ = {isa = PBXBuildFile; fileRef = D6B010192D7263AB00A18B24 /* NYNetworkManager.swift */; };
		D6B0101C2D7263BE00A18B24 /* APIError.swift in Sources */ = {isa = PBXBuildFile; fileRef = D6B0101B2D7263BE00A18B24 /* APIError.swift */; };
		D6B0101E2D7263E300A18B24 /* NYRequestBuilder.swift in Sources */ = {isa = PBXBuildFile; fileRef = D6B0101D2D7263E300A18B24 /* NYRequestBuilder.swift */; };
		D6B010202D72650700A18B24 /* NYRequestBuilderProtocol.swift in Sources */ = {isa = PBXBuildFile; fileRef = D6B0101F2D72650700A18B24 /* NYRequestBuilderProtocol.swift */; };
		D6B010242D7307B400A18B24 /* NYHeaders.swift in Sources */ = {isa = PBXBuildFile; fileRef = D6B010232D7307B400A18B24 /* NYHeaders.swift */; };
		D6B010262D73162200A18B24 /* ArticleListRepository.swift in Sources */ = {isa = PBXBuildFile; fileRef = D6B010252D73162200A18B24 /* ArticleListRepository.swift */; };
		D6B0102C2D733BEB00A18B24 /* ArticleListViewMocks.swift in Sources */ = {isa = PBXBuildFile; fileRef = D6B0102B2D733BEB00A18B24 /* ArticleListViewMocks.swift */; };
		D6B0102E2D733FF400A18B24 /* ArticleListViewModelTests.swift in Sources */ = {isa = PBXBuildFile; fileRef = D6B0102D2D733FF400A18B24 /* ArticleListViewModelTests.swift */; };
/* End PBXBuildFile section */

/* Begin PBXContainerItemProxy section */
		D6B00FB02D71AFCC00A18B24 /* PBXContainerItemProxy */ = {
			isa = PBXContainerItemProxy;
			containerPortal = D6B00F972D71AFC800A18B24 /* Project object */;
			proxyType = 1;
			remoteGlobalIDString = D6B00F9E2D71AFC800A18B24;
			remoteInfo = NYArticles;
		};
		D6B00FBA2D71AFCC00A18B24 /* PBXContainerItemProxy */ = {
			isa = PBXContainerItemProxy;
			containerPortal = D6B00F972D71AFC800A18B24 /* Project object */;
			proxyType = 1;
			remoteGlobalIDString = D6B00F9E2D71AFC800A18B24;
			remoteInfo = NYArticles;
		};
/* End PBXContainerItemProxy section */

/* Begin PBXFileReference section */
		D691B28A2D739A7200ADEA26 /* ArticleListEndpoint.swift */ = {isa = PBXFileReference; lastKnownFileType = sourcecode.swift; path = ArticleListEndpoint.swift; sourceTree = "<group>"; };
		D6B00F9F2D71AFC800A18B24 /* NYArticles.app */ = {isa = PBXFileReference; explicitFileType = wrapper.application; includeInIndex = 0; path = NYArticles.app; sourceTree = BUILT_PRODUCTS_DIR; };
		D6B00FA22D71AFC800A18B24 /* NYArticlesApp.swift */ = {isa = PBXFileReference; lastKnownFileType = sourcecode.swift; path = NYArticlesApp.swift; sourceTree = "<group>"; };
		D6B00FA42D71AFC800A18B24 /* ContentView.swift */ = {isa = PBXFileReference; lastKnownFileType = sourcecode.swift; path = ContentView.swift; sourceTree = "<group>"; };
		D6B00FA62D71AFCB00A18B24 /* Assets.xcassets */ = {isa = PBXFileReference; lastKnownFileType = folder.assetcatalog; path = Assets.xcassets; sourceTree = "<group>"; };
		D6B00FA92D71AFCB00A18B24 /* Preview Assets.xcassets */ = {isa = PBXFileReference; lastKnownFileType = folder.assetcatalog; path = "Preview Assets.xcassets"; sourceTree = "<group>"; };
		D6B00FAF2D71AFCC00A18B24 /* NYArticlesTests.xctest */ = {isa = PBXFileReference; explicitFileType = wrapper.cfbundle; includeInIndex = 0; path = NYArticlesTests.xctest; sourceTree = BUILT_PRODUCTS_DIR; };
		D6B00FB32D71AFCC00A18B24 /* NYArticlesTests.swift */ = {isa = PBXFileReference; lastKnownFileType = sourcecode.swift; path = NYArticlesTests.swift; sourceTree = "<group>"; };
		D6B00FB92D71AFCC00A18B24 /* NYArticlesUITests.xctest */ = {isa = PBXFileReference; explicitFileType = wrapper.cfbundle; includeInIndex = 0; path = NYArticlesUITests.xctest; sourceTree = BUILT_PRODUCTS_DIR; };
		D6B00FBD2D71AFCC00A18B24 /* NYArticlesUITests.swift */ = {isa = PBXFileReference; lastKnownFileType = sourcecode.swift; path = NYArticlesUITests.swift; sourceTree = "<group>"; };
		D6B00FBF2D71AFCC00A18B24 /* NYArticlesUITestsLaunchTests.swift */ = {isa = PBXFileReference; lastKnownFileType = sourcecode.swift; path = NYArticlesUITestsLaunchTests.swift; sourceTree = "<group>"; };
		D6B00FD12D71B53000A18B24 /* AppDelegate.swift */ = {isa = PBXFileReference; lastKnownFileType = sourcecode.swift; path = AppDelegate.swift; sourceTree = "<group>"; };
		D6B00FD52D71B5CA00A18B24 /* AppConstants.swift */ = {isa = PBXFileReference; lastKnownFileType = sourcecode.swift; path = AppConstants.swift; sourceTree = "<group>"; };
		D6B00FDA2D71D94300A18B24 /* ArticleListView.swift */ = {isa = PBXFileReference; lastKnownFileType = sourcecode.swift; path = ArticleListView.swift; sourceTree = "<group>"; };
		D6B00FE02D71D9C200A18B24 /* ArticleListViewModel.swift */ = {isa = PBXFileReference; lastKnownFileType = sourcecode.swift; path = ArticleListViewModel.swift; sourceTree = "<group>"; };
		D6B00FE22D71D9ED00A18B24 /* ArticleListResponse.swift */ = {isa = PBXFileReference; lastKnownFileType = sourcecode.swift; path = ArticleListResponse.swift; sourceTree = "<group>"; };
		D6B00FE42D71DA1700A18B24 /* ArticleCellView.swift */ = {isa = PBXFileReference; lastKnownFileType = sourcecode.swift; path = ArticleCellView.swift; sourceTree = "<group>"; };
		D6B00FE72D71DA6300A18B24 /* ArticleDetailView.swift */ = {isa = PBXFileReference; lastKnownFileType = sourcecode.swift; path = ArticleDetailView.swift; sourceTree = "<group>"; };
		D6B00FE92D71DA7400A18B24 /* ArticleDetailViewModel.swift */ = {isa = PBXFileReference; lastKnownFileType = sourcecode.swift; path = ArticleDetailViewModel.swift; sourceTree = "<group>"; };
		D6B00FEB2D71DAB100A18B24 /* NYEndpoints.swift */ = {isa = PBXFileReference; lastKnownFileType = sourcecode.swift; path = NYEndpoints.swift; sourceTree = "<group>"; };
		D6B00FF02D71DB2C00A18B24 /* EmptyStateView.swift */ = {isa = PBXFileReference; lastKnownFileType = sourcecode.swift; path = EmptyStateView.swift; sourceTree = "<group>"; };
		D6B00FF22D71DB3800A18B24 /* EmptyStateViewModel.swift */ = {isa = PBXFileReference; lastKnownFileType = sourcecode.swift; path = EmptyStateViewModel.swift; sourceTree = "<group>"; };
		D6B00FF52D71DBAB00A18B24 /* ErrorStateView.swift */ = {isa = PBXFileReference; lastKnownFileType = sourcecode.swift; path = ErrorStateView.swift; sourceTree = "<group>"; };
		D6B00FF72D71DBBB00A18B24 /* ErrorStateViewModel.swift */ = {isa = PBXFileReference; lastKnownFileType = sourcecode.swift; path = ErrorStateViewModel.swift; sourceTree = "<group>"; };
		D6B010012D71DEC000A18B24 /* CustomNavBar.swift */ = {isa = PBXFileReference; lastKnownFileType = sourcecode.swift; path = CustomNavBar.swift; sourceTree = "<group>"; };
		D6B010032D71DF3F00A18B24 /* View+Extensions.swift */ = {isa = PBXFileReference; lastKnownFileType = sourcecode.swift; path = "View+Extensions.swift"; sourceTree = "<group>"; };
		D6B010082D72463C00A18B24 /* NY-Dev.xcconfig */ = {isa = PBXFileReference; lastKnownFileType = text.xcconfig; path = "NY-Dev.xcconfig"; sourceTree = "<group>"; };
		D6B010092D72471A00A18B24 /* Info.plist */ = {isa = PBXFileReference; lastKnownFileType = text.plist; path = Info.plist; sourceTree = "<group>"; };
		D6B0100A2D72476B00A18B24 /* ConfigurationManager.swift */ = {isa = PBXFileReference; lastKnownFileType = sourcecode.swift; path = ConfigurationManager.swift; sourceTree = "<group>"; };
		D6B010112D72618B00A18B24 /* HTTPMethod.swift */ = {isa = PBXFileReference; lastKnownFileType = sourcecode.swift; path = HTTPMethod.swift; sourceTree = "<group>"; };
		D6B010172D72638500A18B24 /* NYRequestParameters.swift */ = {isa = PBXFileReference; lastKnownFileType = sourcecode.swift; path = NYRequestParameters.swift; sourceTree = "<group>"; };
		D6B010192D7263AB00A18B24 /* NYNetworkManager.swift */ = {isa = PBXFileReference; lastKnownFileType = sourcecode.swift; path = NYNetworkManager.swift; sourceTree = "<group>"; };
		D6B0101B2D7263BE00A18B24 /* APIError.swift */ = {isa = PBXFileReference; lastKnownFileType = sourcecode.swift; path = APIError.swift; sourceTree = "<group>"; };
		D6B0101D2D7263E300A18B24 /* NYRequestBuilder.swift */ = {isa = PBXFileReference; lastKnownFileType = sourcecode.swift; path = NYRequestBuilder.swift; sourceTree = "<group>"; };
		D6B0101F2D72650700A18B24 /* NYRequestBuilderProtocol.swift */ = {isa = PBXFileReference; lastKnownFileType = sourcecode.swift; path = NYRequestBuilderProtocol.swift; sourceTree = "<group>"; };
		D6B010232D7307B400A18B24 /* NYHeaders.swift */ = {isa = PBXFileReference; lastKnownFileType = sourcecode.swift; path = NYHeaders.swift; sourceTree = "<group>"; };
		D6B010252D73162200A18B24 /* ArticleListRepository.swift */ = {isa = PBXFileReference; lastKnownFileType = sourcecode.swift; path = ArticleListRepository.swift; sourceTree = "<group>"; };
		D6B0102B2D733BEB00A18B24 /* ArticleListViewMocks.swift */ = {isa = PBXFileReference; lastKnownFileType = sourcecode.swift; path = ArticleListViewMocks.swift; sourceTree = "<group>"; };
		D6B0102D2D733FF400A18B24 /* ArticleListViewModelTests.swift */ = {isa = PBXFileReference; lastKnownFileType = sourcecode.swift; path = ArticleListViewModelTests.swift; sourceTree = "<group>"; };
/* End PBXFileReference section */

/* Begin PBXFrameworksBuildPhase section */
		D6B00F9C2D71AFC800A18B24 /* Frameworks */ = {
			isa = PBXFrameworksBuildPhase;
			buildActionMask = 2147483647;
			files = (
			);
			runOnlyForDeploymentPostprocessing = 0;
		};
		D6B00FAC2D71AFCC00A18B24 /* Frameworks */ = {
			isa = PBXFrameworksBuildPhase;
			buildActionMask = 2147483647;
			files = (
			);
			runOnlyForDeploymentPostprocessing = 0;
		};
		D6B00FB62D71AFCC00A18B24 /* Frameworks */ = {
			isa = PBXFrameworksBuildPhase;
			buildActionMask = 2147483647;
			files = (
			);
			runOnlyForDeploymentPostprocessing = 0;
		};
/* End PBXFrameworksBuildPhase section */

/* Begin PBXGroup section */
		D6B00F962D71AFC800A18B24 = {
			isa = PBXGroup;
			children = (
				D6B00FA12D71AFC800A18B24 /* NYArticles */,
				D6B00FB22D71AFCC00A18B24 /* NYArticlesTests */,
				D6B00FBC2D71AFCC00A18B24 /* NYArticlesUITests */,
				D6B00FA02D71AFC800A18B24 /* Products */,
			);
			sourceTree = "<group>";
		};
		D6B00FA02D71AFC800A18B24 /* Products */ = {
			isa = PBXGroup;
			children = (
				D6B00F9F2D71AFC800A18B24 /* NYArticles.app */,
				D6B00FAF2D71AFCC00A18B24 /* NYArticlesTests.xctest */,
				D6B00FB92D71AFCC00A18B24 /* NYArticlesUITests.xctest */,
			);
			name = Products;
			sourceTree = "<group>";
		};
		D6B00FA12D71AFC800A18B24 /* NYArticles */ = {
			isa = PBXGroup;
			children = (
				D6B0100E2D72613800A18B24 /* NetworkManager */,
				D6B010092D72471A00A18B24 /* Info.plist */,
				D6B010052D7233F500A18B24 /* Resources */,
				D6B00FD02D71B50A00A18B24 /* Scenes */,
				D6B00FCE2D71B4F300A18B24 /* CustomViews */,
				D6B00FCD2D71B4E900A18B24 /* Extensions */,
				D6B00FCC2D71B4DB00A18B24 /* SharedClasses */,
				D6B00FA22D71AFC800A18B24 /* NYArticlesApp.swift */,
				D6B00FA42D71AFC800A18B24 /* ContentView.swift */,
				D6B00FA62D71AFCB00A18B24 /* Assets.xcassets */,
				D6B00FA82D71AFCB00A18B24 /* Preview Content */,
				D6B00FD12D71B53000A18B24 /* AppDelegate.swift */,
			);
			path = NYArticles;
			sourceTree = "<group>";
		};
		D6B00FA82D71AFCB00A18B24 /* Preview Content */ = {
			isa = PBXGroup;
			children = (
				D6B00FA92D71AFCB00A18B24 /* Preview Assets.xcassets */,
			);
			path = "Preview Content";
			sourceTree = "<group>";
		};
		D6B00FB22D71AFCC00A18B24 /* NYArticlesTests */ = {
			isa = PBXGroup;
			children = (
				D6B010292D733BBB00A18B24 /* Scenes */,
				D6B00FB32D71AFCC00A18B24 /* NYArticlesTests.swift */,
			);
			path = NYArticlesTests;
			sourceTree = "<group>";
		};
		D6B00FBC2D71AFCC00A18B24 /* NYArticlesUITests */ = {
			isa = PBXGroup;
			children = (
				D6B00FBD2D71AFCC00A18B24 /* NYArticlesUITests.swift */,
				D6B00FBF2D71AFCC00A18B24 /* NYArticlesUITestsLaunchTests.swift */,
			);
			path = NYArticlesUITests;
			sourceTree = "<group>";
		};
		D6B00FCC2D71B4DB00A18B24 /* SharedClasses */ = {
			isa = PBXGroup;
			children = (
				D6B00FD52D71B5CA00A18B24 /* AppConstants.swift */,
			);
			path = SharedClasses;
			sourceTree = "<group>";
		};
		D6B00FCD2D71B4E900A18B24 /* Extensions */ = {
			isa = PBXGroup;
			children = (
				D6B010032D71DF3F00A18B24 /* View+Extensions.swift */,
			);
			path = Extensions;
			sourceTree = "<group>";
		};
		D6B00FCE2D71B4F300A18B24 /* CustomViews */ = {
			isa = PBXGroup;
			children = (
				D6B010002D71DEB000A18B24 /* CustomNavBar */,
				D6B00FF42D71DB7E00A18B24 /* ErrorStateView */,
				D6B00FEF2D71DB1300A18B24 /* EmptyStateView */,
			);
			path = CustomViews;
			sourceTree = "<group>";
		};
		D6B00FD02D71B50A00A18B24 /* Scenes */ = {
			isa = PBXGroup;
			children = (
				D6B00FE62D71DA4B00A18B24 /* ArticleDetailView */,
				D6B00FD72D71D91800A18B24 /* ArticleListView */,
			);
			path = Scenes;
			sourceTree = "<group>";
		};
		D6B00FD72D71D91800A18B24 /* ArticleListView */ = {
			isa = PBXGroup;
			children = (
				D6B00FD92D71D92C00A18B24 /* SubViews */,
				D6B00FD82D71D92700A18B24 /* Model */,
				D6B00FDA2D71D94300A18B24 /* ArticleListView.swift */,
				D6B00FE02D71D9C200A18B24 /* ArticleListViewModel.swift */,
				D6B010252D73162200A18B24 /* ArticleListRepository.swift */,
				D691B28A2D739A7200ADEA26 /* ArticleListEndpoint.swift */,
			);
			path = ArticleListView;
			sourceTree = "<group>";
		};
		D6B00FD82D71D92700A18B24 /* Model */ = {
			isa = PBXGroup;
			children = (
				D6B00FE22D71D9ED00A18B24 /* ArticleListResponse.swift */,
			);
			path = Model;
			sourceTree = "<group>";
		};
		D6B00FD92D71D92C00A18B24 /* SubViews */ = {
			isa = PBXGroup;
			children = (
				D6B00FE42D71DA1700A18B24 /* ArticleCellView.swift */,
			);
			path = SubViews;
			sourceTree = "<group>";
		};
		D6B00FE62D71DA4B00A18B24 /* ArticleDetailView */ = {
			isa = PBXGroup;
			children = (
				D6B00FE72D71DA6300A18B24 /* ArticleDetailView.swift */,
				D6B00FE92D71DA7400A18B24 /* ArticleDetailViewModel.swift */,
			);
			path = ArticleDetailView;
			sourceTree = "<group>";
		};
		D6B00FEF2D71DB1300A18B24 /* EmptyStateView */ = {
			isa = PBXGroup;
			children = (
				D6B00FF02D71DB2C00A18B24 /* EmptyStateView.swift */,
				D6B00FF22D71DB3800A18B24 /* EmptyStateViewModel.swift */,
			);
			path = EmptyStateView;
			sourceTree = "<group>";
		};
		D6B00FF42D71DB7E00A18B24 /* ErrorStateView */ = {
			isa = PBXGroup;
			children = (
				D6B00FF52D71DBAB00A18B24 /* ErrorStateView.swift */,
				D6B00FF72D71DBBB00A18B24 /* ErrorStateViewModel.swift */,
			);
			path = ErrorStateView;
			sourceTree = "<group>";
		};
		D6B010002D71DEB000A18B24 /* CustomNavBar */ = {
			isa = PBXGroup;
			children = (
				D6B010012D71DEC000A18B24 /* CustomNavBar.swift */,
			);
			path = CustomNavBar;
			sourceTree = "<group>";
		};
		D6B010052D7233F500A18B24 /* Resources */ = {
			isa = PBXGroup;
			children = (
				D6B010072D7245C200A18B24 /* Configurations */,
			);
			path = Resources;
			sourceTree = "<group>";
		};
		D6B010072D7245C200A18B24 /* Configurations */ = {
			isa = PBXGroup;
			children = (
				D6B010082D72463C00A18B24 /* NY-Dev.xcconfig */,
				D6B0100A2D72476B00A18B24 /* ConfigurationManager.swift */,
			);
			path = Configurations;
			sourceTree = "<group>";
		};
		D6B0100E2D72613800A18B24 /* NetworkManager */ = {
			isa = PBXGroup;
			children = (
				D6B00FEB2D71DAB100A18B24 /* NYEndpoints.swift */,
				D6B010112D72618B00A18B24 /* HTTPMethod.swift */,
				D6B010172D72638500A18B24 /* NYRequestParameters.swift */,
				D6B010192D7263AB00A18B24 /* NYNetworkManager.swift */,
				D6B0101B2D7263BE00A18B24 /* APIError.swift */,
				D6B0101D2D7263E300A18B24 /* NYRequestBuilder.swift */,
				D6B0101F2D72650700A18B24 /* NYRequestBuilderProtocol.swift */,
				D6B010232D7307B400A18B24 /* NYHeaders.swift */,
			);
			path = NetworkManager;
			sourceTree = "<group>";
		};
		D6B010292D733BBB00A18B24 /* Scenes */ = {
			isa = PBXGroup;
			children = (
				D6B0102A2D733BC500A18B24 /* ArticleListViewTests */,
			);
			path = Scenes;
			sourceTree = "<group>";
		};
		D6B0102A2D733BC500A18B24 /* ArticleListViewTests */ = {
			isa = PBXGroup;
			children = (
				D6B0102B2D733BEB00A18B24 /* ArticleListViewMocks.swift */,
				D6B0102D2D733FF400A18B24 /* ArticleListViewModelTests.swift */,
			);
			path = ArticleListViewTests;
			sourceTree = "<group>";
		};
/* End PBXGroup section */

/* Begin PBXNativeTarget section */
		D6B00F9E2D71AFC800A18B24 /* NYArticles */ = {
			isa = PBXNativeTarget;
			buildConfigurationList = D6B00FC32D71AFCC00A18B24 /* Build configuration list for PBXNativeTarget "NYArticles" */;
			buildPhases = (
				D6B00F9B2D71AFC800A18B24 /* Sources */,
				D6B00F9C2D71AFC800A18B24 /* Frameworks */,
				D6B00F9D2D71AFC800A18B24 /* Resources */,
			);
			buildRules = (
			);
			dependencies = (
			);
			name = NYArticles;
			productName = NYArticles;
			productReference = D6B00F9F2D71AFC800A18B24 /* NYArticles.app */;
			productType = "com.apple.product-type.application";
		};
		D6B00FAE2D71AFCC00A18B24 /* NYArticlesTests */ = {
			isa = PBXNativeTarget;
			buildConfigurationList = D6B00FC62D71AFCC00A18B24 /* Build configuration list for PBXNativeTarget "NYArticlesTests" */;
			buildPhases = (
				D6B00FAB2D71AFCC00A18B24 /* Sources */,
				D6B00FAC2D71AFCC00A18B24 /* Frameworks */,
				D6B00FAD2D71AFCC00A18B24 /* Resources */,
			);
			buildRules = (
			);
			dependencies = (
				D6B00FB12D71AFCC00A18B24 /* PBXTargetDependency */,
			);
			name = NYArticlesTests;
			productName = NYArticlesTests;
			productReference = D6B00FAF2D71AFCC00A18B24 /* NYArticlesTests.xctest */;
			productType = "com.apple.product-type.bundle.unit-test";
		};
		D6B00FB82D71AFCC00A18B24 /* NYArticlesUITests */ = {
			isa = PBXNativeTarget;
			buildConfigurationList = D6B00FC92D71AFCC00A18B24 /* Build configuration list for PBXNativeTarget "NYArticlesUITests" */;
			buildPhases = (
				D6B00FB52D71AFCC00A18B24 /* Sources */,
				D6B00FB62D71AFCC00A18B24 /* Frameworks */,
				D6B00FB72D71AFCC00A18B24 /* Resources */,
			);
			buildRules = (
			);
			dependencies = (
				D6B00FBB2D71AFCC00A18B24 /* PBXTargetDependency */,
			);
			name = NYArticlesUITests;
			productName = NYArticlesUITests;
			productReference = D6B00FB92D71AFCC00A18B24 /* NYArticlesUITests.xctest */;
			productType = "com.apple.product-type.bundle.ui-testing";
		};
/* End PBXNativeTarget section */

/* Begin PBXProject section */
		D6B00F972D71AFC800A18B24 /* Project object */ = {
			isa = PBXProject;
			attributes = {
				BuildIndependentTargetsInParallel = 1;
				LastSwiftUpdateCheck = 1540;
				LastUpgradeCheck = 1540;
				TargetAttributes = {
					D6B00F9E2D71AFC800A18B24 = {
						CreatedOnToolsVersion = 15.4;
					};
					D6B00FAE2D71AFCC00A18B24 = {
						CreatedOnToolsVersion = 15.4;
						TestTargetID = D6B00F9E2D71AFC800A18B24;
					};
					D6B00FB82D71AFCC00A18B24 = {
						CreatedOnToolsVersion = 15.4;
						TestTargetID = D6B00F9E2D71AFC800A18B24;
					};
				};
			};
			buildConfigurationList = D6B00F9A2D71AFC800A18B24 /* Build configuration list for PBXProject "NYArticles" */;
			compatibilityVersion = "Xcode 14.0";
			developmentRegion = en;
			hasScannedForEncodings = 0;
			knownRegions = (
				en,
				Base,
			);
			mainGroup = D6B00F962D71AFC800A18B24;
			productRefGroup = D6B00FA02D71AFC800A18B24 /* Products */;
			projectDirPath = "";
			projectRoot = "";
			targets = (
				D6B00F9E2D71AFC800A18B24 /* NYArticles */,
				D6B00FAE2D71AFCC00A18B24 /* NYArticlesTests */,
				D6B00FB82D71AFCC00A18B24 /* NYArticlesUITests */,
			);
		};
/* End PBXProject section */

/* Begin PBXResourcesBuildPhase section */
		D6B00F9D2D71AFC800A18B24 /* Resources */ = {
			isa = PBXResourcesBuildPhase;
			buildActionMask = 2147483647;
			files = (
				D6B00FAA2D71AFCB00A18B24 /* Preview Assets.xcassets in Resources */,
				D6B00FA72D71AFCB00A18B24 /* Assets.xcassets in Resources */,
			);
			runOnlyForDeploymentPostprocessing = 0;
		};
		D6B00FAD2D71AFCC00A18B24 /* Resources */ = {
			isa = PBXResourcesBuildPhase;
			buildActionMask = 2147483647;
			files = (
			);
			runOnlyForDeploymentPostprocessing = 0;
		};
		D6B00FB72D71AFCC00A18B24 /* Resources */ = {
			isa = PBXResourcesBuildPhase;
			buildActionMask = 2147483647;
			files = (
			);
			runOnlyForDeploymentPostprocessing = 0;
		};
/* End PBXResourcesBuildPhase section */

/* Begin PBXSourcesBuildPhase section */
		D6B00F9B2D71AFC800A18B24 /* Sources */ = {
			isa = PBXSourcesBuildPhase;
			buildActionMask = 2147483647;
			files = (
				D6B00FF82D71DBBB00A18B24 /* ErrorStateViewModel.swift in Sources */,
				D6B010242D7307B400A18B24 /* NYHeaders.swift in Sources */,
				D6B010182D72638500A18B24 /* NYRequestParameters.swift in Sources */,
				D6B00FEC2D71DAB100A18B24 /* NYEndpoints.swift in Sources */,
				D6B00FE82D71DA6300A18B24 /* ArticleDetailView.swift in Sources */,
				D6B00FD22D71B53000A18B24 /* AppDelegate.swift in Sources */,
				D6B00FDB2D71D94300A18B24 /* ArticleListView.swift in Sources */,
				D6B00FA52D71AFC800A18B24 /* ContentView.swift in Sources */,
				D691B28B2D739A7200ADEA26 /* ArticleListEndpoint.swift in Sources */,
				D6B00FE12D71D9C200A18B24 /* ArticleListViewModel.swift in Sources */,
				D6B00FE32D71D9ED00A18B24 /* ArticleListResponse.swift in Sources */,
				D6B0101C2D7263BE00A18B24 /* APIError.swift in Sources */,
				D6B00FEA2D71DA7400A18B24 /* ArticleDetailViewModel.swift in Sources */,
				D6B0101A2D7263AB00A18B24 /* NYNetworkManager.swift in Sources */,
				D6B00FA32D71AFC800A18B24 /* NYArticlesApp.swift in Sources */,
				D6B00FF12D71DB2C00A18B24 /* EmptyStateView.swift in Sources */,
				D6B0101E2D7263E300A18B24 /* NYRequestBuilder.swift in Sources */,
				D6B010122D72618B00A18B24 /* HTTPMethod.swift in Sources */,
				D6B010262D73162200A18B24 /* ArticleListRepository.swift in Sources */,
				D6B010202D72650700A18B24 /* NYRequestBuilderProtocol.swift in Sources */,
				D6B00FF32D71DB3800A18B24 /* EmptyStateViewModel.swift in Sources */,
				D6B00FF62D71DBAB00A18B24 /* ErrorStateView.swift in Sources */,
				D6B010022D71DEC000A18B24 /* CustomNavBar.swift in Sources */,
				D6B0100B2D72476B00A18B24 /* ConfigurationManager.swift in Sources */,
				D6B00FD62D71B5CA00A18B24 /* AppConstants.swift in Sources */,
				D6B010042D71DF3F00A18B24 /* View+Extensions.swift in Sources */,
				D6B00FE52D71DA1700A18B24 /* ArticleCellView.swift in Sources */,
			);
			runOnlyForDeploymentPostprocessing = 0;
		};
		D6B00FAB2D71AFCC00A18B24 /* Sources */ = {
			isa = PBXSourcesBuildPhase;
			buildActionMask = 2147483647;
			files = (
				D6B00FB42D71AFCC00A18B24 /* NYArticlesTests.swift in Sources */,
				D6B0102C2D733BEB00A18B24 /* ArticleListViewMocks.swift in Sources */,
				D6B0102E2D733FF400A18B24 /* ArticleListViewModelTests.swift in Sources */,
			);
			runOnlyForDeploymentPostprocessing = 0;
		};
		D6B00FB52D71AFCC00A18B24 /* Sources */ = {
			isa = PBXSourcesBuildPhase;
			buildActionMask = 2147483647;
			files = (
				D6B00FC02D71AFCC00A18B24 /* NYArticlesUITestsLaunchTests.swift in Sources */,
				D6B00FBE2D71AFCC00A18B24 /* NYArticlesUITests.swift in Sources */,
			);
			runOnlyForDeploymentPostprocessing = 0;
		};
/* End PBXSourcesBuildPhase section */

/* Begin PBXTargetDependency section */
		D6B00FB12D71AFCC00A18B24 /* PBXTargetDependency */ = {
			isa = PBXTargetDependency;
			target = D6B00F9E2D71AFC800A18B24 /* NYArticles */;
			targetProxy = D6B00FB02D71AFCC00A18B24 /* PBXContainerItemProxy */;
		};
		D6B00FBB2D71AFCC00A18B24 /* PBXTargetDependency */ = {
			isa = PBXTargetDependency;
			target = D6B00F9E2D71AFC800A18B24 /* NYArticles */;
			targetProxy = D6B00FBA2D71AFCC00A18B24 /* PBXContainerItemProxy */;
		};
/* End PBXTargetDependency section */

/* Begin XCBuildConfiguration section */
		D6B00FC12D71AFCC00A18B24 /* Debug */ = {
			isa = XCBuildConfiguration;
			buildSettings = {
				ALWAYS_SEARCH_USER_PATHS = NO;
				ASSETCATALOG_COMPILER_GENERATE_SWIFT_ASSET_SYMBOL_EXTENSIONS = YES;
				CLANG_ANALYZER_NONNULL = YES;
				CLANG_ANALYZER_NUMBER_OBJECT_CONVERSION = YES_AGGRESSIVE;
				CLANG_CXX_LANGUAGE_STANDARD = "gnu++20";
				CLANG_ENABLE_MODULES = YES;
				CLANG_ENABLE_OBJC_ARC = YES;
				CLANG_ENABLE_OBJC_WEAK = YES;
				CLANG_WARN_BLOCK_CAPTURE_AUTORELEASING = YES;
				CLANG_WARN_BOOL_CONVERSION = YES;
				CLANG_WARN_COMMA = YES;
				CLANG_WARN_CONSTANT_CONVERSION = YES;
				CLANG_WARN_DEPRECATED_OBJC_IMPLEMENTATIONS = YES;
				CLANG_WARN_DIRECT_OBJC_ISA_USAGE = YES_ERROR;
				CLANG_WARN_DOCUMENTATION_COMMENTS = YES;
				CLANG_WARN_EMPTY_BODY = YES;
				CLANG_WARN_ENUM_CONVERSION = YES;
				CLANG_WARN_INFINITE_RECURSION = YES;
				CLANG_WARN_INT_CONVERSION = YES;
				CLANG_WARN_NON_LITERAL_NULL_CONVERSION = YES;
				CLANG_WARN_OBJC_IMPLICIT_RETAIN_SELF = YES;
				CLANG_WARN_OBJC_LITERAL_CONVERSION = YES;
				CLANG_WARN_OBJC_ROOT_CLASS = YES_ERROR;
				CLANG_WARN_QUOTED_INCLUDE_IN_FRAMEWORK_HEADER = YES;
				CLANG_WARN_RANGE_LOOP_ANALYSIS = YES;
				CLANG_WARN_STRICT_PROTOTYPES = YES;
				CLANG_WARN_SUSPICIOUS_MOVE = YES;
				CLANG_WARN_UNGUARDED_AVAILABILITY = YES_AGGRESSIVE;
				CLANG_WARN_UNREACHABLE_CODE = YES;
				CLANG_WARN__DUPLICATE_METHOD_MATCH = YES;
				COPY_PHASE_STRIP = NO;
				DEBUG_INFORMATION_FORMAT = dwarf;
				ENABLE_STRICT_OBJC_MSGSEND = YES;
				ENABLE_TESTABILITY = YES;
				ENABLE_USER_SCRIPT_SANDBOXING = YES;
				GCC_C_LANGUAGE_STANDARD = gnu17;
				GCC_DYNAMIC_NO_PIC = NO;
				GCC_NO_COMMON_BLOCKS = YES;
				GCC_OPTIMIZATION_LEVEL = 0;
				GCC_PREPROCESSOR_DEFINITIONS = (
					"DEBUG=1",
					"$(inherited)",
				);
				GCC_WARN_64_TO_32_BIT_CONVERSION = YES;
				GCC_WARN_ABOUT_RETURN_TYPE = YES_ERROR;
				GCC_WARN_UNDECLARED_SELECTOR = YES;
				GCC_WARN_UNINITIALIZED_AUTOS = YES_AGGRESSIVE;
				GCC_WARN_UNUSED_FUNCTION = YES;
				GCC_WARN_UNUSED_VARIABLE = YES;
				IPHONEOS_DEPLOYMENT_TARGET = 17.5;
				LOCALIZATION_PREFERS_STRING_CATALOGS = YES;
				MTL_ENABLE_DEBUG_INFO = INCLUDE_SOURCE;
				MTL_FAST_MATH = YES;
				ONLY_ACTIVE_ARCH = YES;
				SDKROOT = iphoneos;
				SWIFT_ACTIVE_COMPILATION_CONDITIONS = "DEBUG $(inherited)";
				SWIFT_OPTIMIZATION_LEVEL = "-Onone";
			};
			name = Debug;
		};
		D6B00FC22D71AFCC00A18B24 /* Release */ = {
			isa = XCBuildConfiguration;
			buildSettings = {
				ALWAYS_SEARCH_USER_PATHS = NO;
				ASSETCATALOG_COMPILER_GENERATE_SWIFT_ASSET_SYMBOL_EXTENSIONS = YES;
				CLANG_ANALYZER_NONNULL = YES;
				CLANG_ANALYZER_NUMBER_OBJECT_CONVERSION = YES_AGGRESSIVE;
				CLANG_CXX_LANGUAGE_STANDARD = "gnu++20";
				CLANG_ENABLE_MODULES = YES;
				CLANG_ENABLE_OBJC_ARC = YES;
				CLANG_ENABLE_OBJC_WEAK = YES;
				CLANG_WARN_BLOCK_CAPTURE_AUTORELEASING = YES;
				CLANG_WARN_BOOL_CONVERSION = YES;
				CLANG_WARN_COMMA = YES;
				CLANG_WARN_CONSTANT_CONVERSION = YES;
				CLANG_WARN_DEPRECATED_OBJC_IMPLEMENTATIONS = YES;
				CLANG_WARN_DIRECT_OBJC_ISA_USAGE = YES_ERROR;
				CLANG_WARN_DOCUMENTATION_COMMENTS = YES;
				CLANG_WARN_EMPTY_BODY = YES;
				CLANG_WARN_ENUM_CONVERSION = YES;
				CLANG_WARN_INFINITE_RECURSION = YES;
				CLANG_WARN_INT_CONVERSION = YES;
				CLANG_WARN_NON_LITERAL_NULL_CONVERSION = YES;
				CLANG_WARN_OBJC_IMPLICIT_RETAIN_SELF = YES;
				CLANG_WARN_OBJC_LITERAL_CONVERSION = YES;
				CLANG_WARN_OBJC_ROOT_CLASS = YES_ERROR;
				CLANG_WARN_QUOTED_INCLUDE_IN_FRAMEWORK_HEADER = YES;
				CLANG_WARN_RANGE_LOOP_ANALYSIS = YES;
				CLANG_WARN_STRICT_PROTOTYPES = YES;
				CLANG_WARN_SUSPICIOUS_MOVE = YES;
				CLANG_WARN_UNGUARDED_AVAILABILITY = YES_AGGRESSIVE;
				CLANG_WARN_UNREACHABLE_CODE = YES;
				CLANG_WARN__DUPLICATE_METHOD_MATCH = YES;
				COPY_PHASE_STRIP = NO;
				DEBUG_INFORMATION_FORMAT = "dwarf-with-dsym";
				ENABLE_NS_ASSERTIONS = NO;
				ENABLE_STRICT_OBJC_MSGSEND = YES;
				ENABLE_USER_SCRIPT_SANDBOXING = YES;
				GCC_C_LANGUAGE_STANDARD = gnu17;
				GCC_NO_COMMON_BLOCKS = YES;
				GCC_WARN_64_TO_32_BIT_CONVERSION = YES;
				GCC_WARN_ABOUT_RETURN_TYPE = YES_ERROR;
				GCC_WARN_UNDECLARED_SELECTOR = YES;
				GCC_WARN_UNINITIALIZED_AUTOS = YES_AGGRESSIVE;
				GCC_WARN_UNUSED_FUNCTION = YES;
				GCC_WARN_UNUSED_VARIABLE = YES;
				IPHONEOS_DEPLOYMENT_TARGET = 17.5;
				LOCALIZATION_PREFERS_STRING_CATALOGS = YES;
				MTL_ENABLE_DEBUG_INFO = NO;
				MTL_FAST_MATH = YES;
				SDKROOT = iphoneos;
				SWIFT_COMPILATION_MODE = wholemodule;
				VALIDATE_PRODUCT = YES;
			};
			name = Release;
		};
		D6B00FC42D71AFCC00A18B24 /* Debug */ = {
			isa = XCBuildConfiguration;
			baseConfigurationReference = D6B010082D72463C00A18B24 /* NY-Dev.xcconfig */;
			buildSettings = {
				ASSETCATALOG_COMPILER_APPICON_NAME = AppIcon;
				ASSETCATALOG_COMPILER_GLOBAL_ACCENT_COLOR_NAME = AccentColor;
				CODE_SIGN_STYLE = Automatic;
				CURRENT_PROJECT_VERSION = 1;
				DEVELOPMENT_ASSET_PATHS = "\"NYArticles/Preview Content\"";
				ENABLE_PREVIEWS = YES;
				GENERATE_INFOPLIST_FILE = YES;
				INFOPLIST_FILE = NYArticles/Info.plist;
				INFOPLIST_KEY_UIApplicationSceneManifest_Generation = YES;
				INFOPLIST_KEY_UIApplicationSupportsIndirectInputEvents = YES;
				INFOPLIST_KEY_UILaunchScreen_Generation = YES;
				INFOPLIST_KEY_UISupportedInterfaceOrientations_iPad = "UIInterfaceOrientationPortrait UIInterfaceOrientationPortraitUpsideDown UIInterfaceOrientationLandscapeLeft UIInterfaceOrientationLandscapeRight";
				INFOPLIST_KEY_UISupportedInterfaceOrientations_iPhone = "UIInterfaceOrientationPortrait UIInterfaceOrientationLandscapeLeft UIInterfaceOrientationLandscapeRight";
				LD_RUNPATH_SEARCH_PATHS = (
					"$(inherited)",
					"@executable_path/Frameworks",
				);
				MARKETING_VERSION = 1.0;
				PRODUCT_BUNDLE_IDENTIFIER = rajat.NYArticles;
				PRODUCT_NAME = "$(TARGET_NAME)";
				SWIFT_EMIT_LOC_STRINGS = YES;
				SWIFT_VERSION = 5.0;
				TARGETED_DEVICE_FAMILY = "1,2";
			};
			name = Debug;
		};
		D6B00FC52D71AFCC00A18B24 /* Release */ = {
			isa = XCBuildConfiguration;
			buildSettings = {
				ASSETCATALOG_COMPILER_APPICON_NAME = AppIcon;
				ASSETCATALOG_COMPILER_GLOBAL_ACCENT_COLOR_NAME = AccentColor;
				CODE_SIGN_STYLE = Automatic;
				CURRENT_PROJECT_VERSION = 1;
				DEVELOPMENT_ASSET_PATHS = "\"NYArticles/Preview Content\"";
				ENABLE_PREVIEWS = YES;
				GENERATE_INFOPLIST_FILE = YES;
				INFOPLIST_FILE = NYArticles/Info.plist;
				INFOPLIST_KEY_UIApplicationSceneManifest_Generation = YES;
				INFOPLIST_KEY_UIApplicationSupportsIndirectInputEvents = YES;
				INFOPLIST_KEY_UILaunchScreen_Generation = YES;
				INFOPLIST_KEY_UISupportedInterfaceOrientations_iPad = "UIInterfaceOrientationPortrait UIInterfaceOrientationPortraitUpsideDown UIInterfaceOrientationLandscapeLeft UIInterfaceOrientationLandscapeRight";
				INFOPLIST_KEY_UISupportedInterfaceOrientations_iPhone = "UIInterfaceOrientationPortrait UIInterfaceOrientationLandscapeLeft UIInterfaceOrientationLandscapeRight";
				LD_RUNPATH_SEARCH_PATHS = (
					"$(inherited)",
					"@executable_path/Frameworks",
				);
				MARKETING_VERSION = 1.0;
				PRODUCT_BUNDLE_IDENTIFIER = rajat.NYArticles;
				PRODUCT_NAME = "$(TARGET_NAME)";
				SWIFT_EMIT_LOC_STRINGS = YES;
				SWIFT_VERSION = 5.0;
				TARGETED_DEVICE_FAMILY = "1,2";
			};
			name = Release;
		};
		D6B00FC72D71AFCC00A18B24 /* Debug */ = {
			isa = XCBuildConfiguration;
			buildSettings = {
				ALWAYS_EMBED_SWIFT_STANDARD_LIBRARIES = YES;
				BUNDLE_LOADER = "$(TEST_HOST)";
				CODE_SIGN_STYLE = Automatic;
				CURRENT_PROJECT_VERSION = 1;
				GENERATE_INFOPLIST_FILE = YES;
				IPHONEOS_DEPLOYMENT_TARGET = 17.5;
				MARKETING_VERSION = 1.0;
				PRODUCT_BUNDLE_IDENTIFIER = rajat.NYArticlesTests;
				PRODUCT_NAME = "$(TARGET_NAME)";
				SWIFT_EMIT_LOC_STRINGS = NO;
				SWIFT_VERSION = 5.0;
				TARGETED_DEVICE_FAMILY = "1,2";
				TEST_HOST = "$(BUILT_PRODUCTS_DIR)/NYArticles.app/$(BUNDLE_EXECUTABLE_FOLDER_PATH)/NYArticles";
			};
			name = Debug;
		};
		D6B00FC82D71AFCC00A18B24 /* Release */ = {
			isa = XCBuildConfiguration;
			buildSettings = {
				ALWAYS_EMBED_SWIFT_STANDARD_LIBRARIES = YES;
				BUNDLE_LOADER = "$(TEST_HOST)";
				CODE_SIGN_STYLE = Automatic;
				CURRENT_PROJECT_VERSION = 1;
				GENERATE_INFOPLIST_FILE = YES;
				IPHONEOS_DEPLOYMENT_TARGET = 17.5;
				MARKETING_VERSION = 1.0;
				PRODUCT_BUNDLE_IDENTIFIER = rajat.NYArticlesTests;
				PRODUCT_NAME = "$(TARGET_NAME)";
				SWIFT_EMIT_LOC_STRINGS = NO;
				SWIFT_VERSION = 5.0;
				TARGETED_DEVICE_FAMILY = "1,2";
				TEST_HOST = "$(BUILT_PRODUCTS_DIR)/NYArticles.app/$(BUNDLE_EXECUTABLE_FOLDER_PATH)/NYArticles";
			};
			name = Release;
		};
		D6B00FCA2D71AFCC00A18B24 /* Debug */ = {
			isa = XCBuildConfiguration;
			buildSettings = {
				ALWAYS_EMBED_SWIFT_STANDARD_LIBRARIES = YES;
				CODE_SIGN_STYLE = Automatic;
				CURRENT_PROJECT_VERSION = 1;
				GENERATE_INFOPLIST_FILE = YES;
				MARKETING_VERSION = 1.0;
				PRODUCT_BUNDLE_IDENTIFIER = rajat.NYArticlesUITests;
				PRODUCT_NAME = "$(TARGET_NAME)";
				SWIFT_EMIT_LOC_STRINGS = NO;
				SWIFT_VERSION = 5.0;
				TARGETED_DEVICE_FAMILY = "1,2";
				TEST_TARGET_NAME = NYArticles;
			};
			name = Debug;
		};
		D6B00FCB2D71AFCC00A18B24 /* Release */ = {
			isa = XCBuildConfiguration;
			buildSettings = {
				ALWAYS_EMBED_SWIFT_STANDARD_LIBRARIES = YES;
				CODE_SIGN_STYLE = Automatic;
				CURRENT_PROJECT_VERSION = 1;
				GENERATE_INFOPLIST_FILE = YES;
				MARKETING_VERSION = 1.0;
				PRODUCT_BUNDLE_IDENTIFIER = rajat.NYArticlesUITests;
				PRODUCT_NAME = "$(TARGET_NAME)";
				SWIFT_EMIT_LOC_STRINGS = NO;
				SWIFT_VERSION = 5.0;
				TARGETED_DEVICE_FAMILY = "1,2";
				TEST_TARGET_NAME = NYArticles;
			};
			name = Release;
		};
/* End XCBuildConfiguration section */

/* Begin XCConfigurationList section */
		D6B00F9A2D71AFC800A18B24 /* Build configuration list for PBXProject "NYArticles" */ = {
			isa = XCConfigurationList;
			buildConfigurations = (
				D6B00FC12D71AFCC00A18B24 /* Debug */,
				D6B00FC22D71AFCC00A18B24 /* Release */,
			);
			defaultConfigurationIsVisible = 0;
			defaultConfigurationName = Release;
		};
		D6B00FC32D71AFCC00A18B24 /* Build configuration list for PBXNativeTarget "NYArticles" */ = {
			isa = XCConfigurationList;
			buildConfigurations = (
				D6B00FC42D71AFCC00A18B24 /* Debug */,
				D6B00FC52D71AFCC00A18B24 /* Release */,
			);
			defaultConfigurationIsVisible = 0;
			defaultConfigurationName = Release;
		};
		D6B00FC62D71AFCC00A18B24 /* Build configuration list for PBXNativeTarget "NYArticlesTests" */ = {
			isa = XCConfigurationList;
			buildConfigurations = (
				D6B00FC72D71AFCC00A18B24 /* Debug */,
				D6B00FC82D71AFCC00A18B24 /* Release */,
			);
			defaultConfigurationIsVisible = 0;
			defaultConfigurationName = Release;
		};
		D6B00FC92D71AFCC00A18B24 /* Build configuration list for PBXNativeTarget "NYArticlesUITests" */ = {
			isa = XCConfigurationList;
			buildConfigurations = (
				D6B00FCA2D71AFCC00A18B24 /* Debug */,
				D6B00FCB2D71AFCC00A18B24 /* Release */,
			);
			defaultConfigurationIsVisible = 0;
			defaultConfigurationName = Release;
		};
/* End XCConfigurationList section */
	};
	rootObject = D6B00F972D71AFC800A18B24 /* Project object */;
}
